{
  "nodes": {
    "catppuccin": {
      "locked": {
        "lastModified": 1713895615,
        "narHash": "sha256-SVkxhcL0/IN5fNI2dqr702wXOnzktsm0LCEVGRAJQcY=",
        "owner": "catppuccin",
        "repo": "nix",
        "rev": "a48e70a31616cb63e4794fd3465bff1835cc4246",
        "type": "github"
      },
      "original": {
        "owner": "catppuccin",
        "repo": "nix",
        "type": "github"
      }
    },
    "firefox-addons": {
      "inputs": {
        "flake-utils": "flake-utils",
        "nixpkgs": [
          "nixpkgs"
        ]
      },
      "locked": {
        "dir": "pkgs/firefox-addons",
        "lastModified": 1713931409,
        "narHash": "sha256-GTdTWfJW1LT4OW9Sp5EAyuyc6Ig5Ez9lZZVG7rcEr8U=",
        "owner": "rycee",
        "repo": "nur-expressions",
        "rev": "afa2d40b6b54185449dc67c958107d5652035a3f",
        "type": "gitlab"
      },
      "original": {
        "dir": "pkgs/firefox-addons",
        "owner": "rycee",
        "repo": "nur-expressions",
        "type": "gitlab"
      }
    },
    "flake-utils": {
      "locked": {
        "lastModified": 1629284811,
        "narHash": "sha256-JHgasjPR0/J1J3DRm4KxM4zTyAj4IOJY8vIl75v/kPI=",
        "owner": "numtide",
        "repo": "flake-utils",
        "rev": "c5d161cc0af116a2e17f54316f0bf43f0819785c",
        "type": "github"
      },
      "original": {
        "owner": "numtide",
        "repo": "flake-utils",
        "type": "github"
      }
    },
    "home-manager": {
      "inputs": {
        "nixpkgs": [
          "nixpkgs"
        ]
      },
      "locked": {
        "lastModified": 1713992342,
        "narHash": "sha256-bW7K4WPo6jhYMo4ZUGoJfog6xJV0XZh8adXqZKunRoc=",
        "owner": "nix-community",
        "repo": "home-manager",
        "rev": "2f072c127c041eec36621b8e38a531fe0fe07961",
        "type": "github"
      },
      "original": {
        "owner": "nix-community",
        "repo": "home-manager",
        "type": "github"
      }
    },
    "izrss": {
      "inputs": {
        "nixpkgs": [
          "nixpkgs"
        ]
      },
      "locked": {
        "lastModified": 1713648888,
        "narHash": "sha256-j92822Gg3Rz5jTSxQU+KNR6nbnTxjQj0dMCOvDdKaAQ=",
        "owner": "isabelroses",
        "repo": "izrss",
        "rev": "cfa2ffac3ef51ee2f3131538782d14b1980ebd45",
        "type": "github"
      },
      "original": {
        "owner": "isabelroses",
        "repo": "izrss",
        "type": "github"
      }
    },
    "nixpkgs": {
      "locked": {
        "lastModified": 1713895582,
        "narHash": "sha256-cfh1hi+6muQMbi9acOlju3V1gl8BEaZBXBR9jQfQi4U=",
        "owner": "NixOS",
        "repo": "nixpkgs",
        "rev": "572af610f6151fd41c212f897c71f7056e3fb518",
        "type": "github"
      },
      "original": {
        "id": "nixpkgs",
        "ref": "nixos-unstable",
        "type": "indirect"
      }
    },
    "root": {
      "inputs": {
        "catppuccin": "catppuccin",
        "firefox-addons": "firefox-addons",
        "home-manager": "home-manager",
        "izrss": "izrss",
        "nixpkgs": "nixpkgs"
      }
    }
  },
  "root": "root",
  "version": 7
}
